// !$*UTF8*$!
{
	archiveVersion = 1;
	classes = {
	};
	objectVersion = 55;
	objects = {

/* Begin PBXBuildFile section */
		F3C14C762887200C009E3323 /* AppDelegate.swift in Sources */ = {isa = PBXBuildFile; fileRef = F3C14C752887200C009E3323 /* AppDelegate.swift */; };
		F3C14C782887200C009E3323 /* SceneDelegate.swift in Sources */ = {isa = PBXBuildFile; fileRef = F3C14C772887200C009E3323 /* SceneDelegate.swift */; };
		F3C14C7A2887200C009E3323 /* ViewController.swift in Sources */ = {isa = PBXBuildFile; fileRef = F3C14C792887200C009E3323 /* ViewController.swift */; };
		F3C14C7D2887200C009E3323 /* Main.storyboard in Resources */ = {isa = PBXBuildFile; fileRef = F3C14C7B2887200C009E3323 /* Main.storyboard */; };
		F3C14C802887200C009E3323 /* TVShowClosetApp.xcdatamodeld in Sources */ = {isa = PBXBuildFile; fileRef = F3C14C7E2887200C009E3323 /* TVShowClosetApp.xcdatamodeld */; };
		F3C14C8228872010009E3323 /* Assets.xcassets in Resources */ = {isa = PBXBuildFile; fileRef = F3C14C8128872010009E3323 /* Assets.xcassets */; };
		F3C14C8528872010009E3323 /* LaunchScreen.storyboard in Resources */ = {isa = PBXBuildFile; fileRef = F3C14C8328872010009E3323 /* LaunchScreen.storyboard */; };
		F3C14C9028872010009E3323 /* TVShowClosetAppTests.swift in Sources */ = {isa = PBXBuildFile; fileRef = F3C14C8F28872010009E3323 /* TVShowClosetAppTests.swift */; };
		F3C14C9A28872010009E3323 /* TVShowClosetAppUITests.swift in Sources */ = {isa = PBXBuildFile; fileRef = F3C14C9928872010009E3323 /* TVShowClosetAppUITests.swift */; };
		F3C14C9C28872010009E3323 /* TVShowClosetAppUITestsLaunchTests.swift in Sources */ = {isa = PBXBuildFile; fileRef = F3C14C9B28872010009E3323 /* TVShowClosetAppUITestsLaunchTests.swift */; };
/* End PBXBuildFile section */

/* Begin PBXContainerItemProxy section */
		F3C14C8C28872010009E3323 /* PBXContainerItemProxy */ = {
			isa = PBXContainerItemProxy;
			containerPortal = F3C14C6A2887200C009E3323 /* Project object */;
			proxyType = 1;
			remoteGlobalIDString = F3C14C712887200C009E3323;
			remoteInfo = TVShowClosetApp;
		};
		F3C14C9628872010009E3323 /* PBXContainerItemProxy */ = {
			isa = PBXContainerItemProxy;
			containerPortal = F3C14C6A2887200C009E3323 /* Project object */;
			proxyType = 1;
			remoteGlobalIDString = F3C14C712887200C009E3323;
			remoteInfo = TVShowClosetApp;
		};
/* End PBXContainerItemProxy section */

/* Begin PBXFileReference section */
		F3C14C722887200C009E3323 /* TVShowClosetApp.app */ = {isa = PBXFileReference; explicitFileType = wrapper.application; includeInIndex = 0; path = TVShowClosetApp.app; sourceTree = BUILT_PRODUCTS_DIR; };
		F3C14C752887200C009E3323 /* AppDelegate.swift */ = {isa = PBXFileReference; lastKnownFileType = sourcecode.swift; path = AppDelegate.swift; sourceTree = "<group>"; };
		F3C14C772887200C009E3323 /* SceneDelegate.swift */ = {isa = PBXFileReference; lastKnownFileType = sourcecode.swift; path = SceneDelegate.swift; sourceTree = "<group>"; };
		F3C14C792887200C009E3323 /* ViewController.swift */ = {isa = PBXFileReference; lastKnownFileType = sourcecode.swift; path = ViewController.swift; sourceTree = "<group>"; };
		F3C14C7C2887200C009E3323 /* Base */ = {isa = PBXFileReference; lastKnownFileType = file.storyboard; name = Base; path = Base.lproj/Main.storyboard; sourceTree = "<group>"; };
		F3C14C7F2887200C009E3323 /* TVShowClosetApp.xcdatamodel */ = {isa = PBXFileReference; lastKnownFileType = wrapper.xcdatamodel; path = TVShowClosetApp.xcdatamodel; sourceTree = "<group>"; };
		F3C14C8128872010009E3323 /* Assets.xcassets */ = {isa = PBXFileReference; lastKnownFileType = folder.assetcatalog; path = Assets.xcassets; sourceTree = "<group>"; };
		F3C14C8428872010009E3323 /* Base */ = {isa = PBXFileReference; lastKnownFileType = file.storyboard; name = Base; path = Base.lproj/LaunchScreen.storyboard; sourceTree = "<group>"; };
		F3C14C8628872010009E3323 /* Info.plist */ = {isa = PBXFileReference; lastKnownFileType = text.plist.xml; path = Info.plist; sourceTree = "<group>"; };
		F3C14C8B28872010009E3323 /* TVShowClosetAppTests.xctest */ = {isa = PBXFileReference; explicitFileType = wrapper.cfbundle; includeInIndex = 0; path = TVShowClosetAppTests.xctest; sourceTree = BUILT_PRODUCTS_DIR; };
		F3C14C8F28872010009E3323 /* TVShowClosetAppTests.swift */ = {isa = PBXFileReference; lastKnownFileType = sourcecode.swift; path = TVShowClosetAppTests.swift; sourceTree = "<group>"; };
		F3C14C9528872010009E3323 /* TVShowClosetAppUITests.xctest */ = {isa = PBXFileReference; explicitFileType = wrapper.cfbundle; includeInIndex = 0; path = TVShowClosetAppUITests.xctest; sourceTree = BUILT_PRODUCTS_DIR; };
		F3C14C9928872010009E3323 /* TVShowClosetAppUITests.swift */ = {isa = PBXFileReference; lastKnownFileType = sourcecode.swift; path = TVShowClosetAppUITests.swift; sourceTree = "<group>"; };
		F3C14C9B28872010009E3323 /* TVShowClosetAppUITestsLaunchTests.swift */ = {isa = PBXFileReference; lastKnownFileType = sourcecode.swift; path = TVShowClosetAppUITestsLaunchTests.swift; sourceTree = "<group>"; };
/* End PBXFileReference section */

/* Begin PBXFrameworksBuildPhase section */
		F3C14C6F2887200C009E3323 /* Frameworks */ = {
			isa = PBXFrameworksBuildPhase;
			buildActionMask = 2147483647;
			files = (
			);
			runOnlyForDeploymentPostprocessing = 0;
		};
		F3C14C8828872010009E3323 /* Frameworks */ = {
			isa = PBXFrameworksBuildPhase;
			buildActionMask = 2147483647;
			files = (
			);
			runOnlyForDeploymentPostprocessing = 0;
		};
		F3C14C9228872010009E3323 /* Frameworks */ = {
			isa = PBXFrameworksBuildPhase;
			buildActionMask = 2147483647;
			files = (
			);
			runOnlyForDeploymentPostprocessing = 0;
		};
/* End PBXFrameworksBuildPhase section */

/* Begin PBXGroup section */
		F3C14C692887200C009E3323 = {
			isa = PBXGroup;
			children = (
				F3C14C742887200C009E3323 /* TVShowClosetApp */,
				F3C14C8E28872010009E3323 /* TVShowClosetAppTests */,
				F3C14C9828872010009E3323 /* TVShowClosetAppUITests */,
				F3C14C732887200C009E3323 /* Products */,
			);
			sourceTree = "<group>";
		};
		F3C14C732887200C009E3323 /* Products */ = {
			isa = PBXGroup;
			children = (
				F3C14C722887200C009E3323 /* TVShowClosetApp.app */,
				F3C14C8B28872010009E3323 /* TVShowClosetAppTests.xctest */,
				F3C14C9528872010009E3323 /* TVShowClosetAppUITests.xctest */,
			);
			name = Products;
			sourceTree = "<group>";
		};
		F3C14C742887200C009E3323 /* TVShowClosetApp */ = {
			isa = PBXGroup;
			children = (
				F3C14C752887200C009E3323 /* AppDelegate.swift */,
				F3C14C772887200C009E3323 /* SceneDelegate.swift */,
				F3C14C792887200C009E3323 /* ViewController.swift */,
				F3C14C7B2887200C009E3323 /* Main.storyboard */,
				F3C14C8128872010009E3323 /* Assets.xcassets */,
				F3C14C8328872010009E3323 /* LaunchScreen.storyboard */,
				F3C14C8628872010009E3323 /* Info.plist */,
				F3C14C7E2887200C009E3323 /* TVShowClosetApp.xcdatamodeld */,
			);
			path = TVShowClosetApp;
			sourceTree = "<group>";
		};
		F3C14C8E28872010009E3323 /* TVShowClosetAppTests */ = {
			isa = PBXGroup;
			children = (
				F3C14C8F28872010009E3323 /* TVShowClosetAppTests.swift */,
			);
			path = TVShowClosetAppTests;
			sourceTree = "<group>";
		};
		F3C14C9828872010009E3323 /* TVShowClosetAppUITests */ = {
			isa = PBXGroup;
			children = (
				F3C14C9928872010009E3323 /* TVShowClosetAppUITests.swift */,
				F3C14C9B28872010009E3323 /* TVShowClosetAppUITestsLaunchTests.swift */,
			);
			path = TVShowClosetAppUITests;
			sourceTree = "<group>";
		};
/* End PBXGroup section */

/* Begin PBXNativeTarget section */
		F3C14C712887200C009E3323 /* TVShowClosetApp */ = {
			isa = PBXNativeTarget;
			buildConfigurationList = F3C14C9F28872010009E3323 /* Build configuration list for PBXNativeTarget "TVShowClosetApp" */;
			buildPhases = (
				F3C14C6E2887200C009E3323 /* Sources */,
				F3C14C6F2887200C009E3323 /* Frameworks */,
				F3C14C702887200C009E3323 /* Resources */,
			);
			buildRules = (
			);
			dependencies = (
			);
			name = TVShowClosetApp;
			productName = TVShowClosetApp;
			productReference = F3C14C722887200C009E3323 /* TVShowClosetApp.app */;
			productType = "com.apple.product-type.application";
		};
		F3C14C8A28872010009E3323 /* TVShowClosetAppTests */ = {
			isa = PBXNativeTarget;
			buildConfigurationList = F3C14CA228872010009E3323 /* Build configuration list for PBXNativeTarget "TVShowClosetAppTests" */;
			buildPhases = (
				F3C14C8728872010009E3323 /* Sources */,
				F3C14C8828872010009E3323 /* Frameworks */,
				F3C14C8928872010009E3323 /* Resources */,
			);
			buildRules = (
			);
			dependencies = (
				F3C14C8D28872010009E3323 /* PBXTargetDependency */,
			);
			name = TVShowClosetAppTests;
			productName = TVShowClosetAppTests;
			productReference = F3C14C8B28872010009E3323 /* TVShowClosetAppTests.xctest */;
			productType = "com.apple.product-type.bundle.unit-test";
		};
		F3C14C9428872010009E3323 /* TVShowClosetAppUITests */ = {
			isa = PBXNativeTarget;
			buildConfigurationList = F3C14CA528872010009E3323 /* Build configuration list for PBXNativeTarget "TVShowClosetAppUITests" */;
			buildPhases = (
				F3C14C9128872010009E3323 /* Sources */,
				F3C14C9228872010009E3323 /* Frameworks */,
				F3C14C9328872010009E3323 /* Resources */,
			);
			buildRules = (
			);
			dependencies = (
				F3C14C9728872010009E3323 /* PBXTargetDependency */,
			);
			name = TVShowClosetAppUITests;
			productName = TVShowClosetAppUITests;
			productReference = F3C14C9528872010009E3323 /* TVShowClosetAppUITests.xctest */;
			productType = "com.apple.product-type.bundle.ui-testing";
		};
/* End PBXNativeTarget section */

/* Begin PBXProject section */
		F3C14C6A2887200C009E3323 /* Project object */ = {
			isa = PBXProject;
			attributes = {
				BuildIndependentTargetsInParallel = 1;
				LastSwiftUpdateCheck = 1340;
				LastUpgradeCheck = 1340;
				TargetAttributes = {
					F3C14C712887200C009E3323 = {
						CreatedOnToolsVersion = 13.4.1;
					};
					F3C14C8A28872010009E3323 = {
						CreatedOnToolsVersion = 13.4.1;
						TestTargetID = F3C14C712887200C009E3323;
					};
					F3C14C9428872010009E3323 = {
						CreatedOnToolsVersion = 13.4.1;
						TestTargetID = F3C14C712887200C009E3323;
					};
				};
			};
			buildConfigurationList = F3C14C6D2887200C009E3323 /* Build configuration list for PBXProject "TVShowClosetApp" */;
			compatibilityVersion = "Xcode 13.0";
			developmentRegion = en;
			hasScannedForEncodings = 0;
			knownRegions = (
				en,
				Base,
			);
			mainGroup = F3C14C692887200C009E3323;
			productRefGroup = F3C14C732887200C009E3323 /* Products */;
			projectDirPath = "";
			projectRoot = "";
			targets = (
				F3C14C712887200C009E3323 /* TVShowClosetApp */,
				F3C14C8A28872010009E3323 /* TVShowClosetAppTests */,
				F3C14C9428872010009E3323 /* TVShowClosetAppUITests */,
			);
		};
/* End PBXProject section */

/* Begin PBXResourcesBuildPhase section */
		F3C14C702887200C009E3323 /* Resources */ = {
			isa = PBXResourcesBuildPhase;
			buildActionMask = 2147483647;
			files = (
				F3C14C8528872010009E3323 /* LaunchScreen.storyboard in Resources */,
				F3C14C8228872010009E3323 /* Assets.xcassets in Resources */,
				F3C14C7D2887200C009E3323 /* Main.storyboard in Resources */,
			);
			runOnlyForDeploymentPostprocessing = 0;
		};
		F3C14C8928872010009E3323 /* Resources */ = {
			isa = PBXResourcesBuildPhase;
			buildActionMask = 2147483647;
			files = (
			);
			runOnlyForDeploymentPostprocessing = 0;
		};
		F3C14C9328872010009E3323 /* Resources */ = {
			isa = PBXResourcesBuildPhase;
			buildActionMask = 2147483647;
			files = (
			);
			runOnlyForDeploymentPostprocessing = 0;
		};
/* End PBXResourcesBuildPhase section */

/* Begin PBXSourcesBuildPhase section */
		F3C14C6E2887200C009E3323 /* Sources */ = {
			isa = PBXSourcesBuildPhase;
			buildActionMask = 2147483647;
			files = (
				F3C14C7A2887200C009E3323 /* ViewController.swift in Sources */,
				F3C14C762887200C009E3323 /* AppDelegate.swift in Sources */,
				F3C14C802887200C009E3323 /* TVShowClosetApp.xcdatamodeld in Sources */,
				F3C14C782887200C009E3323 /* SceneDelegate.swift in Sources */,
			);
			runOnlyForDeploymentPostprocessing = 0;
		};
		F3C14C8728872010009E3323 /* Sources */ = {
			isa = PBXSourcesBuildPhase;
			buildActionMask = 2147483647;
			files = (
				F3C14C9028872010009E3323 /* TVShowClosetAppTests.swift in Sources */,
			);
			runOnlyForDeploymentPostprocessing = 0;
		};
		F3C14C9128872010009E3323 /* Sources */ = {
			isa = PBXSourcesBuildPhase;
			buildActionMask = 2147483647;
			files = (
				F3C14C9A28872010009E3323 /* TVShowClosetAppUITests.swift in Sources */,
				F3C14C9C28872010009E3323 /* TVShowClosetAppUITestsLaunchTests.swift in Sources */,
			);
			runOnlyForDeploymentPostprocessing = 0;
		};
/* End PBXSourcesBuildPhase section */

/* Begin PBXTargetDependency section */
		F3C14C8D28872010009E3323 /* PBXTargetDependency */ = {
			isa = PBXTargetDependency;
			target = F3C14C712887200C009E3323 /* TVShowClosetApp */;
			targetProxy = F3C14C8C28872010009E3323 /* PBXContainerItemProxy */;
		};
		F3C14C9728872010009E3323 /* PBXTargetDependency */ = {
			isa = PBXTargetDependency;
			target = F3C14C712887200C009E3323 /* TVShowClosetApp */;
			targetProxy = F3C14C9628872010009E3323 /* PBXContainerItemProxy */;
		};
/* End PBXTargetDependency section */

/* Begin PBXVariantGroup section */
		F3C14C7B2887200C009E3323 /* Main.storyboard */ = {
			isa = PBXVariantGroup;
			children = (
				F3C14C7C2887200C009E3323 /* Base */,
			);
			name = Main.storyboard;
			sourceTree = "<group>";
		};
		F3C14C8328872010009E3323 /* LaunchScreen.storyboard */ = {
			isa = PBXVariantGroup;
			children = (
				F3C14C8428872010009E3323 /* Base */,
			);
			name = LaunchScreen.storyboard;
			sourceTree = "<group>";
		};
/* End PBXVariantGroup section */

/* Begin XCBuildConfiguration section */
		F3C14C9D28872010009E3323 /* Debug */ = {
			isa = XCBuildConfiguration;
			buildSettings = {
				ALWAYS_SEARCH_USER_PATHS = NO;
				CLANG_ANALYZER_NONNULL = YES;
				CLANG_ANALYZER_NUMBER_OBJECT_CONVERSION = YES_AGGRESSIVE;
				CLANG_CXX_LANGUAGE_STANDARD = "gnu++17";
				CLANG_ENABLE_MODULES = YES;
				CLANG_ENABLE_OBJC_ARC = YES;
				CLANG_ENABLE_OBJC_WEAK = YES;
				CLANG_WARN_BLOCK_CAPTURE_AUTORELEASING = YES;
				CLANG_WARN_BOOL_CONVERSION = YES;
				CLANG_WARN_COMMA = YES;
				CLANG_WARN_CONSTANT_CONVERSION = YES;
				CLANG_WARN_DEPRECATED_OBJC_IMPLEMENTATIONS = YES;
				CLANG_WARN_DIRECT_OBJC_ISA_USAGE = YES_ERROR;
				CLANG_WARN_DOCUMENTATION_COMMENTS = YES;
				CLANG_WARN_EMPTY_BODY = YES;
				CLANG_WARN_ENUM_CONVERSION = YES;
				CLANG_WARN_INFINITE_RECURSION = YES;
				CLANG_WARN_INT_CONVERSION = YES;
				CLANG_WARN_NON_LITERAL_NULL_CONVERSION = YES;
				CLANG_WARN_OBJC_IMPLICIT_RETAIN_SELF = YES;
				CLANG_WARN_OBJC_LITERAL_CONVERSION = YES;
				CLANG_WARN_OBJC_ROOT_CLASS = YES_ERROR;
				CLANG_WARN_QUOTED_INCLUDE_IN_FRAMEWORK_HEADER = YES;
				CLANG_WARN_RANGE_LOOP_ANALYSIS = YES;
				CLANG_WARN_STRICT_PROTOTYPES = YES;
				CLANG_WARN_SUSPICIOUS_MOVE = YES;
				CLANG_WARN_UNGUARDED_AVAILABILITY = YES_AGGRESSIVE;
				CLANG_WARN_UNREACHABLE_CODE = YES;
				CLANG_WARN__DUPLICATE_METHOD_MATCH = YES;
				COPY_PHASE_STRIP = NO;
				DEBUG_INFORMATION_FORMAT = dwarf;
				ENABLE_STRICT_OBJC_MSGSEND = YES;
				ENABLE_TESTABILITY = YES;
				GCC_C_LANGUAGE_STANDARD = gnu11;
				GCC_DYNAMIC_NO_PIC = NO;
				GCC_NO_COMMON_BLOCKS = YES;
				GCC_OPTIMIZATION_LEVEL = 0;
				GCC_PREPROCESSOR_DEFINITIONS = (
					"DEBUG=1",
					"$(inherited)",
				);
				GCC_WARN_64_TO_32_BIT_CONVERSION = YES;
				GCC_WARN_ABOUT_RETURN_TYPE = YES_ERROR;
				GCC_WARN_UNDECLARED_SELECTOR = YES;
				GCC_WARN_UNINITIALIZED_AUTOS = YES_AGGRESSIVE;
				GCC_WARN_UNUSED_FUNCTION = YES;
				GCC_WARN_UNUSED_VARIABLE = YES;
				IPHONEOS_DEPLOYMENT_TARGET = 15.5;
				MTL_ENABLE_DEBUG_INFO = INCLUDE_SOURCE;
				MTL_FAST_MATH = YES;
				ONLY_ACTIVE_ARCH = YES;
				SDKROOT = iphoneos;
				SWIFT_ACTIVE_COMPILATION_CONDITIONS = DEBUG;
				SWIFT_OPTIMIZATION_LEVEL = "-Onone";
			};
			name = Debug;
		};
		F3C14C9E28872010009E3323 /* Release */ = {
			isa = XCBuildConfiguration;
			buildSettings = {
				ALWAYS_SEARCH_USER_PATHS = NO;
				CLANG_ANALYZER_NONNULL = YES;
				CLANG_ANALYZER_NUMBER_OBJECT_CONVERSION = YES_AGGRESSIVE;
				CLANG_CXX_LANGUAGE_STANDARD = "gnu++17";
				CLANG_ENABLE_MODULES = YES;
				CLANG_ENABLE_OBJC_ARC = YES;
				CLANG_ENABLE_OBJC_WEAK = YES;
				CLANG_WARN_BLOCK_CAPTURE_AUTORELEASING = YES;
				CLANG_WARN_BOOL_CONVERSION = YES;
				CLANG_WARN_COMMA = YES;
				CLANG_WARN_CONSTANT_CONVERSION = YES;
				CLANG_WARN_DEPRECATED_OBJC_IMPLEMENTATIONS = YES;
				CLANG_WARN_DIRECT_OBJC_ISA_USAGE = YES_ERROR;
				CLANG_WARN_DOCUMENTATION_COMMENTS = YES;
				CLANG_WARN_EMPTY_BODY = YES;
				CLANG_WARN_ENUM_CONVERSION = YES;
				CLANG_WARN_INFINITE_RECURSION = YES;
				CLANG_WARN_INT_CONVERSION = YES;
				CLANG_WARN_NON_LITERAL_NULL_CONVERSION = YES;
				CLANG_WARN_OBJC_IMPLICIT_RETAIN_SELF = YES;
				CLANG_WARN_OBJC_LITERAL_CONVERSION = YES;
				CLANG_WARN_OBJC_ROOT_CLASS = YES_ERROR;
				CLANG_WARN_QUOTED_INCLUDE_IN_FRAMEWORK_HEADER = YES;
				CLANG_WARN_RANGE_LOOP_ANALYSIS = YES;
				CLANG_WARN_STRICT_PROTOTYPES = YES;
				CLANG_WARN_SUSPICIOUS_MOVE = YES;
				CLANG_WARN_UNGUARDED_AVAILABILITY = YES_AGGRESSIVE;
				CLANG_WARN_UNREACHABLE_CODE = YES;
				CLANG_WARN__DUPLICATE_METHOD_MATCH = YES;
				COPY_PHASE_STRIP = NO;
				DEBUG_INFORMATION_FORMAT = "dwarf-with-dsym";
				ENABLE_NS_ASSERTIONS = NO;
				ENABLE_STRICT_OBJC_MSGSEND = YES;
				GCC_C_LANGUAGE_STANDARD = gnu11;
				GCC_NO_COMMON_BLOCKS = YES;
				GCC_WARN_64_TO_32_BIT_CONVERSION = YES;
				GCC_WARN_ABOUT_RETURN_TYPE = YES_ERROR;
				GCC_WARN_UNDECLARED_SELECTOR = YES;
				GCC_WARN_UNINITIALIZED_AUTOS = YES_AGGRESSIVE;
				GCC_WARN_UNUSED_FUNCTION = YES;
				GCC_WARN_UNUSED_VARIABLE = YES;
				IPHONEOS_DEPLOYMENT_TARGET = 15.5;
				MTL_ENABLE_DEBUG_INFO = NO;
				MTL_FAST_MATH = YES;
				SDKROOT = iphoneos;
				SWIFT_COMPILATION_MODE = wholemodule;
				SWIFT_OPTIMIZATION_LEVEL = "-O";
				VALIDATE_PRODUCT = YES;
			};
			name = Release;
		};
		F3C14CA028872010009E3323 /* Debug */ = {
			isa = XCBuildConfiguration;
			buildSettings = {
				ASSETCATALOG_COMPILER_APPICON_NAME = AppIcon;
				ASSETCATALOG_COMPILER_GLOBAL_ACCENT_COLOR_NAME = AccentColor;
				CODE_SIGN_STYLE = Automatic;
				CURRENT_PROJECT_VERSION = 1;
				GENERATE_INFOPLIST_FILE = YES;
				INFOPLIST_FILE = TVShowClosetApp/Info.plist;
				INFOPLIST_KEY_UIApplicationSupportsIndirectInputEvents = YES;
				INFOPLIST_KEY_UILaunchStoryboardName = LaunchScreen;
				INFOPLIST_KEY_UIMainStoryboardFile = Main;
				INFOPLIST_KEY_UISupportedInterfaceOrientations_iPad = "UIInterfaceOrientationPortrait UIInterfaceOrientationPortraitUpsideDown UIInterfaceOrientationLandscapeLeft UIInterfaceOrientationLandscapeRight";
				INFOPLIST_KEY_UISupportedInterfaceOrientations_iPhone = "UIInterfaceOrientationPortrait UIInterfaceOrientationLandscapeLeft UIInterfaceOrientationLandscapeRight";
				LD_RUNPATH_SEARCH_PATHS = (
					"$(inherited)",
					"@executable_path/Frameworks",
				);
				MARKETING_VERSION = 1.0;
				PRODUCT_BUNDLE_IDENTIFIER = com.example.kwk.TVShowClosetApp;
				PRODUCT_NAME = "$(TARGET_NAME)";
				SWIFT_EMIT_LOC_STRINGS = YES;
				SWIFT_VERSION = 5.0;
				TARGETED_DEVICE_FAMILY = "1,2";
			};
			name = Debug;
		};
		F3C14CA128872010009E3323 /* Release */ = {
			isa = XCBuildConfiguration;
			buildSettings = {
				ASSETCATALOG_COMPILER_APPICON_NAME = AppIcon;
				ASSETCATALOG_COMPILER_GLOBAL_ACCENT_COLOR_NAME = AccentColor;
				CODE_SIGN_STYLE = Automatic;
				CURRENT_PROJECT_VERSION = 1;
				GENERATE_INFOPLIST_FILE = YES;
				INFOPLIST_FILE = TVShowClosetApp/Info.plist;
				INFOPLIST_KEY_UIApplicationSupportsIndirectInputEvents = YES;
				INFOPLIST_KEY_UILaunchStoryboardName = LaunchScreen;
				INFOPLIST_KEY_UIMainStoryboardFile = Main;
				INFOPLIST_KEY_UISupportedInterfaceOrientations_iPad = "UIInterfaceOrientationPortrait UIInterfaceOrientationPortraitUpsideDown UIInterfaceOrientationLandscapeLeft UIInterfaceOrientationLandscapeRight";
				INFOPLIST_KEY_UISupportedInterfaceOrientations_iPhone = "UIInterfaceOrientationPortrait UIInterfaceOrientationLandscapeLeft UIInterfaceOrientationLandscapeRight";
				LD_RUNPATH_SEARCH_PATHS = (
					"$(inherited)",
					"@executable_path/Frameworks",
				);
				MARKETING_VERSION = 1.0;
				PRODUCT_BUNDLE_IDENTIFIER = com.example.kwk.TVShowClosetApp;
				PRODUCT_NAME = "$(TARGET_NAME)";
				SWIFT_EMIT_LOC_STRINGS = YES;
				SWIFT_VERSION = 5.0;
				TARGETED_DEVICE_FAMILY = "1,2";
			};
			name = Release;
		};
		F3C14CA328872010009E3323 /* Debug */ = {
			isa = XCBuildConfiguration;
			buildSettings = {
				ALWAYS_EMBED_SWIFT_STANDARD_LIBRARIES = YES;
				BUNDLE_LOADER = "$(TEST_HOST)";
				CODE_SIGN_STYLE = Automatic;
				CURRENT_PROJECT_VERSION = 1;
				GENERATE_INFOPLIST_FILE = YES;
				IPHONEOS_DEPLOYMENT_TARGET = 15.5;
				MARKETING_VERSION = 1.0;
				PRODUCT_BUNDLE_IDENTIFIER = com.example.kwk.TVShowClosetAppTests;
				PRODUCT_NAME = "$(TARGET_NAME)";
				SWIFT_EMIT_LOC_STRINGS = NO;
				SWIFT_VERSION = 5.0;
				TARGETED_DEVICE_FAMILY = "1,2";
				TEST_HOST = "$(BUILT_PRODUCTS_DIR)/TVShowClosetApp.app/TVShowClosetApp";
			};
			name = Debug;
		};
		F3C14CA428872010009E3323 /* Release */ = {
			isa = XCBuildConfiguration;
			buildSettings = {
				ALWAYS_EMBED_SWIFT_STANDARD_LIBRARIES = YES;
				BUNDLE_LOADER = "$(TEST_HOST)";
				CODE_SIGN_STYLE = Automatic;
				CURRENT_PROJECT_VERSION = 1;
				GENERATE_INFOPLIST_FILE = YES;
				IPHONEOS_DEPLOYMENT_TARGET = 15.5;
				MARKETING_VERSION = 1.0;
				PRODUCT_BUNDLE_IDENTIFIER = com.example.kwk.TVShowClosetAppTests;
				PRODUCT_NAME = "$(TARGET_NAME)";
				SWIFT_EMIT_LOC_STRINGS = NO;
				SWIFT_VERSION = 5.0;
				TARGETED_DEVICE_FAMILY = "1,2";
				TEST_HOST = "$(BUILT_PRODUCTS_DIR)/TVShowClosetApp.app/TVShowClosetApp";
			};
			name = Release;
		};
		F3C14CA628872010009E3323 /* Debug */ = {
			isa = XCBuildConfiguration;
			buildSettings = {
				ALWAYS_EMBED_SWIFT_STANDARD_LIBRARIES = YES;
				CODE_SIGN_STYLE = Automatic;
				CURRENT_PROJECT_VERSION = 1;
				GENERATE_INFOPLIST_FILE = YES;
				MARKETING_VERSION = 1.0;
				PRODUCT_BUNDLE_IDENTIFIER = com.example.kwk.TVShowClosetAppUITests;
				PRODUCT_NAME = "$(TARGET_NAME)";
				SWIFT_EMIT_LOC_STRINGS = NO;
				SWIFT_VERSION = 5.0;
				TARGETED_DEVICE_FAMILY = "1,2";
				TEST_TARGET_NAME = TVShowClosetApp;
			};
			name = Debug;
		};
		F3C14CA728872010009E3323 /* Release */ = {
			isa = XCBuildConfiguration;
			buildSettings = {
				ALWAYS_EMBED_SWIFT_STANDARD_LIBRARIES = YES;
				CODE_SIGN_STYLE = Automatic;
				CURRENT_PROJECT_VERSION = 1;
				GENERATE_INFOPLIST_FILE = YES;
				MARKETING_VERSION = 1.0;
				PRODUCT_BUNDLE_IDENTIFIER = com.example.kwk.TVShowClosetAppUITests;
				PRODUCT_NAME = "$(TARGET_NAME)";
				SWIFT_EMIT_LOC_STRINGS = NO;
				SWIFT_VERSION = 5.0;
				TARGETED_DEVICE_FAMILY = "1,2";
				TEST_TARGET_NAME = TVShowClosetApp;
			};
			name = Release;
		};
/* End XCBuildConfiguration section */

/* Begin XCConfigurationList section */
		F3C14C6D2887200C009E3323 /* Build configuration list for PBXProject "TVShowClosetApp" */ = {
			isa = XCConfigurationList;
			buildConfigurations = (
				F3C14C9D28872010009E3323 /* Debug */,
				F3C14C9E28872010009E3323 /* Release */,
			);
			defaultConfigurationIsVisible = 0;
			defaultConfigurationName = Release;
		};
		F3C14C9F28872010009E3323 /* Build configuration list for PBXNativeTarget "TVShowClosetApp" */ = {
			isa = XCConfigurationList;
			buildConfigurations = (
				F3C14CA028872010009E3323 /* Debug */,
				F3C14CA128872010009E3323 /* Release */,
			);
			defaultConfigurationIsVisible = 0;
			defaultConfigurationName = Release;
		};
		F3C14CA228872010009E3323 /* Build configuration list for PBXNativeTarget "TVShowClosetAppTests" */ = {
			isa = XCConfigurationList;
			buildConfigurations = (
				F3C14CA328872010009E3323 /* Debug */,
				F3C14CA428872010009E3323 /* Release */,
			);
			defaultConfigurationIsVisible = 0;
			defaultConfigurationName = Release;
		};
		F3C14CA528872010009E3323 /* Build configuration list for PBXNativeTarget "TVShowClosetAppUITests" */ = {
			isa = XCConfigurationList;
			buildConfigurations = (
				F3C14CA628872010009E3323 /* Debug */,
				F3C14CA728872010009E3323 /* Release */,
			);
			defaultConfigurationIsVisible = 0;
			defaultConfigurationName = Release;
		};
/* End XCConfigurationList section */

/* Begin XCVersionGroup section */
		F3C14C7E2887200C009E3323 /* TVShowClosetApp.xcdatamodeld */ = {
			isa = XCVersionGroup;
			children = (
				F3C14C7F2887200C009E3323 /* TVShowClosetApp.xcdatamodel */,
			);
			currentVersion = F3C14C7F2887200C009E3323 /* TVShowClosetApp.xcdatamodel */;
			path = TVShowClosetApp.xcdatamodeld;
			sourceTree = "<group>";
			versionGroupType = wrapper.xcdatamodel;
		};
/* End XCVersionGroup section */
	};
	rootObject = F3C14C6A2887200C009E3323 /* Project object */;
}
